// !$*UTF8*$!
{
	archiveVersion = 1;
	classes = {
	};
	objectVersion = 55;
	objects = {

/* Begin PBXBuildFile section */
		9562BFCF2853620100EF86E1 /* AppDelegate.swift in Sources */ = {isa = PBXBuildFile; fileRef = 9562BFCE2853620100EF86E1 /* AppDelegate.swift */; };
		9562BFD12853620100EF86E1 /* SceneDelegate.swift in Sources */ = {isa = PBXBuildFile; fileRef = 9562BFD02853620100EF86E1 /* SceneDelegate.swift */; };
		9562BFD32853620100EF86E1 /* ConversationViewController.swift in Sources */ = {isa = PBXBuildFile; fileRef = 9562BFD22853620100EF86E1 /* ConversationViewController.swift */; };
		9562BFD62853620100EF86E1 /* Main.storyboard in Resources */ = {isa = PBXBuildFile; fileRef = 9562BFD42853620100EF86E1 /* Main.storyboard */; };
		9562BFD82853620600EF86E1 /* Assets.xcassets in Resources */ = {isa = PBXBuildFile; fileRef = 9562BFD72853620600EF86E1 /* Assets.xcassets */; };
		9562BFDB2853620600EF86E1 /* LaunchScreen.storyboard in Resources */ = {isa = PBXBuildFile; fileRef = 9562BFD92853620600EF86E1 /* LaunchScreen.storyboard */; };
		9562BFE92853726E00EF86E1 /* LoginViewController.swift in Sources */ = {isa = PBXBuildFile; fileRef = 9562BFE82853726E00EF86E1 /* LoginViewController.swift */; };
		9562BFEB2853729900EF86E1 /* RegisterViewController.swift in Sources */ = {isa = PBXBuildFile; fileRef = 9562BFEA2853729900EF86E1 /* RegisterViewController.swift */; };
		9562BFED285372D500EF86E1 /* PhotoViewController.swift in Sources */ = {isa = PBXBuildFile; fileRef = 9562BFEC285372D500EF86E1 /* PhotoViewController.swift */; };
		9562BFEF285372ED00EF86E1 /* VideoPlayerViewController.swift in Sources */ = {isa = PBXBuildFile; fileRef = 9562BFEE285372ED00EF86E1 /* VideoPlayerViewController.swift */; };
		9562BFF12853737900EF86E1 /* NewConversationViewController.swift in Sources */ = {isa = PBXBuildFile; fileRef = 9562BFF02853737900EF86E1 /* NewConversationViewController.swift */; };
		9562BFF3285373A200EF86E1 /* ProfileViewController.swift in Sources */ = {isa = PBXBuildFile; fileRef = 9562BFF2285373A200EF86E1 /* ProfileViewController.swift */; };
/* End PBXBuildFile section */

/* Begin PBXFileReference section */
		9562BFCB2853620100EF86E1 /* Messenger.app */ = {isa = PBXFileReference; explicitFileType = wrapper.application; includeInIndex = 0; path = Messenger.app; sourceTree = BUILT_PRODUCTS_DIR; };
		9562BFCE2853620100EF86E1 /* AppDelegate.swift */ = {isa = PBXFileReference; lastKnownFileType = sourcecode.swift; path = AppDelegate.swift; sourceTree = "<group>"; };
		9562BFD02853620100EF86E1 /* SceneDelegate.swift */ = {isa = PBXFileReference; lastKnownFileType = sourcecode.swift; path = SceneDelegate.swift; sourceTree = "<group>"; };
		9562BFD22853620100EF86E1 /* ConversationViewController.swift */ = {isa = PBXFileReference; lastKnownFileType = sourcecode.swift; path = ConversationViewController.swift; sourceTree = "<group>"; };
		9562BFD52853620100EF86E1 /* Base */ = {isa = PBXFileReference; lastKnownFileType = file.storyboard; name = Base; path = Base.lproj/Main.storyboard; sourceTree = "<group>"; };
		9562BFD72853620600EF86E1 /* Assets.xcassets */ = {isa = PBXFileReference; lastKnownFileType = folder.assetcatalog; path = Assets.xcassets; sourceTree = "<group>"; };
		9562BFDA2853620600EF86E1 /* Base */ = {isa = PBXFileReference; lastKnownFileType = file.storyboard; name = Base; path = Base.lproj/LaunchScreen.storyboard; sourceTree = "<group>"; };
		9562BFDC2853620600EF86E1 /* Info.plist */ = {isa = PBXFileReference; lastKnownFileType = text.plist.xml; path = Info.plist; sourceTree = "<group>"; };
		9562BFE82853726E00EF86E1 /* LoginViewController.swift */ = {isa = PBXFileReference; lastKnownFileType = sourcecode.swift; path = LoginViewController.swift; sourceTree = "<group>"; };
		9562BFEA2853729900EF86E1 /* RegisterViewController.swift */ = {isa = PBXFileReference; lastKnownFileType = sourcecode.swift; path = RegisterViewController.swift; sourceTree = "<group>"; };
		9562BFEC285372D500EF86E1 /* PhotoViewController.swift */ = {isa = PBXFileReference; lastKnownFileType = sourcecode.swift; path = PhotoViewController.swift; sourceTree = "<group>"; };
		9562BFEE285372ED00EF86E1 /* VideoPlayerViewController.swift */ = {isa = PBXFileReference; lastKnownFileType = sourcecode.swift; path = VideoPlayerViewController.swift; sourceTree = "<group>"; };
		9562BFF02853737900EF86E1 /* NewConversationViewController.swift */ = {isa = PBXFileReference; lastKnownFileType = sourcecode.swift; path = NewConversationViewController.swift; sourceTree = "<group>"; };
		9562BFF2285373A200EF86E1 /* ProfileViewController.swift */ = {isa = PBXFileReference; lastKnownFileType = sourcecode.swift; path = ProfileViewController.swift; sourceTree = "<group>"; };
/* End PBXFileReference section */

/* Begin PBXFrameworksBuildPhase section */
		9562BFC82853620100EF86E1 /* Frameworks */ = {
			isa = PBXFrameworksBuildPhase;
			buildActionMask = 2147483647;
			files = (
			);
			runOnlyForDeploymentPostprocessing = 0;
		};
/* End PBXFrameworksBuildPhase section */

/* Begin PBXGroup section */
		9527400C2854A06200107109 /* Login */ = {
			isa = PBXGroup;
			children = (
				9562BFE82853726E00EF86E1 /* LoginViewController.swift */,
				9562BFEA2853729900EF86E1 /* RegisterViewController.swift */,
			);
			path = Login;
			sourceTree = "<group>";
		};
		9562BFC22853620000EF86E1 = {
			isa = PBXGroup;
			children = (
				9562BFCD2853620100EF86E1 /* Messenger */,
				9562BFCC2853620100EF86E1 /* Products */,
			);
			sourceTree = "<group>";
		};
		9562BFCC2853620100EF86E1 /* Products */ = {
			isa = PBXGroup;
			children = (
				9562BFCB2853620100EF86E1 /* Messenger.app */,
			);
			name = Products;
			sourceTree = "<group>";
		};
		9562BFCD2853620100EF86E1 /* Messenger */ = {
			isa = PBXGroup;
			children = (
				9562BFE22853637000EF86E1 /* Resources */,
				9562BFE62853639600EF86E1 /* ViewModels */,
				9562BFE52853638F00EF86E1 /* Models */,
				9562BFE42853638A00EF86E1 /* Views */,
				9562BFE32853637F00EF86E1 /* Controllers */,
				9562BFDC2853620600EF86E1 /* Info.plist */,
			);
			path = Messenger;
			sourceTree = "<group>";
		};
		9562BFE22853637000EF86E1 /* Resources */ = {
			isa = PBXGroup;
			children = (
				9562BFCE2853620100EF86E1 /* AppDelegate.swift */,
				9562BFD02853620100EF86E1 /* SceneDelegate.swift */,
			);
			path = Resources;
			sourceTree = "<group>";
		};
		9562BFE32853637F00EF86E1 /* Controllers */ = {
			isa = PBXGroup;
			children = (
				9562BFD22853620100EF86E1 /* ConversationViewController.swift */,
				9527400C2854A06200107109 /* Login */,
				9562BFEC285372D500EF86E1 /* PhotoViewController.swift */,
				9562BFEE285372ED00EF86E1 /* VideoPlayerViewController.swift */,
				9562BFF02853737900EF86E1 /* NewConversationViewController.swift */,
				9562BFF2285373A200EF86E1 /* ProfileViewController.swift */,
			);
			path = Controllers;
			sourceTree = "<group>";
		};
		9562BFE42853638A00EF86E1 /* Views */ = {
			isa = PBXGroup;
			children = (
				9562BFE7285363BF00EF86E1 /* Storyboards */,
				9562BFD72853620600EF86E1 /* Assets.xcassets */,
			);
			path = Views;
			sourceTree = "<group>";
		};
		9562BFE52853638F00EF86E1 /* Models */ = {
			isa = PBXGroup;
			children = (
			);
			path = Models;
			sourceTree = "<group>";
		};
		9562BFE62853639600EF86E1 /* ViewModels */ = {
			isa = PBXGroup;
			children = (
			);
			path = ViewModels;
			sourceTree = "<group>";
		};
		9562BFE7285363BF00EF86E1 /* Storyboards */ = {
			isa = PBXGroup;
			children = (
				9562BFD42853620100EF86E1 /* Main.storyboard */,
				9562BFD92853620600EF86E1 /* LaunchScreen.storyboard */,
			);
			path = Storyboards;
			sourceTree = "<group>";
		};
/* End PBXGroup section */

/* Begin PBXNativeTarget section */
		9562BFCA2853620100EF86E1 /* Messenger */ = {
			isa = PBXNativeTarget;
			buildConfigurationList = 9562BFDF2853620600EF86E1 /* Build configuration list for PBXNativeTarget "Messenger" */;
			buildPhases = (
				9562BFC72853620100EF86E1 /* Sources */,
				9562BFC82853620100EF86E1 /* Frameworks */,
				9562BFC92853620100EF86E1 /* Resources */,
			);
			buildRules = (
			);
			dependencies = (
			);
			name = Messenger;
			productName = Messenger;
			productReference = 9562BFCB2853620100EF86E1 /* Messenger.app */;
			productType = "com.apple.product-type.application";
		};
/* End PBXNativeTarget section */

/* Begin PBXProject section */
		9562BFC32853620000EF86E1 /* Project object */ = {
			isa = PBXProject;
			attributes = {
				BuildIndependentTargetsInParallel = 1;
				LastSwiftUpdateCheck = 1330;
				LastUpgradeCheck = 1330;
				TargetAttributes = {
					9562BFCA2853620100EF86E1 = {
						CreatedOnToolsVersion = 13.3;
					};
				};
			};
			buildConfigurationList = 9562BFC62853620000EF86E1 /* Build configuration list for PBXProject "Messenger" */;
			compatibilityVersion = "Xcode 13.0";
			developmentRegion = en;
			hasScannedForEncodings = 0;
			knownRegions = (
				en,
				Base,
			);
			mainGroup = 9562BFC22853620000EF86E1;
			productRefGroup = 9562BFCC2853620100EF86E1 /* Products */;
			projectDirPath = "";
			projectRoot = "";
			targets = (
				9562BFCA2853620100EF86E1 /* Messenger */,
			);
		};
/* End PBXProject section */

/* Begin PBXResourcesBuildPhase section */
		9562BFC92853620100EF86E1 /* Resources */ = {
			isa = PBXResourcesBuildPhase;
			buildActionMask = 2147483647;
			files = (
				9562BFDB2853620600EF86E1 /* LaunchScreen.storyboard in Resources */,
				9562BFD82853620600EF86E1 /* Assets.xcassets in Resources */,
				9562BFD62853620100EF86E1 /* Main.storyboard in Resources */,
			);
			runOnlyForDeploymentPostprocessing = 0;
		};
/* End PBXResourcesBuildPhase section */

/* Begin PBXSourcesBuildPhase section */
		9562BFC72853620100EF86E1 /* Sources */ = {
			isa = PBXSourcesBuildPhase;
			buildActionMask = 2147483647;
			files = (
				9562BFE92853726E00EF86E1 /* LoginViewController.swift in Sources */,
				9562BFEB2853729900EF86E1 /* RegisterViewController.swift in Sources */,
				9562BFF12853737900EF86E1 /* NewConversationViewController.swift in Sources */,
				9562BFD32853620100EF86E1 /* ConversationViewController.swift in Sources */,
				9562BFEF285372ED00EF86E1 /* VideoPlayerViewController.swift in Sources */,
				9562BFCF2853620100EF86E1 /* AppDelegate.swift in Sources */,
				9562BFF3285373A200EF86E1 /* ProfileViewController.swift in Sources */,
				9562BFD12853620100EF86E1 /* SceneDelegate.swift in Sources */,
				9562BFED285372D500EF86E1 /* PhotoViewController.swift in Sources */,
			);
			runOnlyForDeploymentPostprocessing = 0;
		};
/* End PBXSourcesBuildPhase section */

/* Begin PBXVariantGroup section */
		9562BFD42853620100EF86E1 /* Main.storyboard */ = {
			isa = PBXVariantGroup;
			children = (
				9562BFD52853620100EF86E1 /* Base */,
			);
			name = Main.storyboard;
			sourceTree = "<group>";
		};
		9562BFD92853620600EF86E1 /* LaunchScreen.storyboard */ = {
			isa = PBXVariantGroup;
			children = (
				9562BFDA2853620600EF86E1 /* Base */,
			);
			name = LaunchScreen.storyboard;
			sourceTree = "<group>";
		};
/* End PBXVariantGroup section */

/* Begin XCBuildConfiguration section */
		9562BFDD2853620600EF86E1 /* Debug */ = {
			isa = XCBuildConfiguration;
			buildSettings = {
				ALWAYS_SEARCH_USER_PATHS = NO;
				CLANG_ANALYZER_NONNULL = YES;
				CLANG_ANALYZER_NUMBER_OBJECT_CONVERSION = YES_AGGRESSIVE;
				CLANG_CXX_LANGUAGE_STANDARD = "gnu++17";
				CLANG_ENABLE_MODULES = YES;
				CLANG_ENABLE_OBJC_ARC = YES;
				CLANG_ENABLE_OBJC_WEAK = YES;
				CLANG_WARN_BLOCK_CAPTURE_AUTORELEASING = YES;
				CLANG_WARN_BOOL_CONVERSION = YES;
				CLANG_WARN_COMMA = YES;
				CLANG_WARN_CONSTANT_CONVERSION = YES;
				CLANG_WARN_DEPRECATED_OBJC_IMPLEMENTATIONS = YES;
				CLANG_WARN_DIRECT_OBJC_ISA_USAGE = YES_ERROR;
				CLANG_WARN_DOCUMENTATION_COMMENTS = YES;
				CLANG_WARN_EMPTY_BODY = YES;
				CLANG_WARN_ENUM_CONVERSION = YES;
				CLANG_WARN_INFINITE_RECURSION = YES;
				CLANG_WARN_INT_CONVERSION = YES;
				CLANG_WARN_NON_LITERAL_NULL_CONVERSION = YES;
				CLANG_WARN_OBJC_IMPLICIT_RETAIN_SELF = YES;
				CLANG_WARN_OBJC_LITERAL_CONVERSION = YES;
				CLANG_WARN_OBJC_ROOT_CLASS = YES_ERROR;
				CLANG_WARN_QUOTED_INCLUDE_IN_FRAMEWORK_HEADER = YES;
				CLANG_WARN_RANGE_LOOP_ANALYSIS = YES;
				CLANG_WARN_STRICT_PROTOTYPES = YES;
				CLANG_WARN_SUSPICIOUS_MOVE = YES;
				CLANG_WARN_UNGUARDED_AVAILABILITY = YES_AGGRESSIVE;
				CLANG_WARN_UNREACHABLE_CODE = YES;
				CLANG_WARN__DUPLICATE_METHOD_MATCH = YES;
				COPY_PHASE_STRIP = NO;
				DEBUG_INFORMATION_FORMAT = dwarf;
				ENABLE_STRICT_OBJC_MSGSEND = YES;
				ENABLE_TESTABILITY = YES;
				GCC_C_LANGUAGE_STANDARD = gnu11;
				GCC_DYNAMIC_NO_PIC = NO;
				GCC_NO_COMMON_BLOCKS = YES;
				GCC_OPTIMIZATION_LEVEL = 0;
				GCC_PREPROCESSOR_DEFINITIONS = (
					"DEBUG=1",
					"$(inherited)",
				);
				GCC_WARN_64_TO_32_BIT_CONVERSION = YES;
				GCC_WARN_ABOUT_RETURN_TYPE = YES_ERROR;
				GCC_WARN_UNDECLARED_SELECTOR = YES;
				GCC_WARN_UNINITIALIZED_AUTOS = YES_AGGRESSIVE;
				GCC_WARN_UNUSED_FUNCTION = YES;
				GCC_WARN_UNUSED_VARIABLE = YES;
				IPHONEOS_DEPLOYMENT_TARGET = 15.4;
				MTL_ENABLE_DEBUG_INFO = INCLUDE_SOURCE;
				MTL_FAST_MATH = YES;
				ONLY_ACTIVE_ARCH = YES;
				SDKROOT = iphoneos;
				SWIFT_ACTIVE_COMPILATION_CONDITIONS = DEBUG;
				SWIFT_OPTIMIZATION_LEVEL = "-Onone";
			};
			name = Debug;
		};
		9562BFDE2853620600EF86E1 /* Release */ = {
			isa = XCBuildConfiguration;
			buildSettings = {
				ALWAYS_SEARCH_USER_PATHS = NO;
				CLANG_ANALYZER_NONNULL = YES;
				CLANG_ANALYZER_NUMBER_OBJECT_CONVERSION = YES_AGGRESSIVE;
				CLANG_CXX_LANGUAGE_STANDARD = "gnu++17";
				CLANG_ENABLE_MODULES = YES;
				CLANG_ENABLE_OBJC_ARC = YES;
				CLANG_ENABLE_OBJC_WEAK = YES;
				CLANG_WARN_BLOCK_CAPTURE_AUTORELEASING = YES;
				CLANG_WARN_BOOL_CONVERSION = YES;
				CLANG_WARN_COMMA = YES;
				CLANG_WARN_CONSTANT_CONVERSION = YES;
				CLANG_WARN_DEPRECATED_OBJC_IMPLEMENTATIONS = YES;
				CLANG_WARN_DIRECT_OBJC_ISA_USAGE = YES_ERROR;
				CLANG_WARN_DOCUMENTATION_COMMENTS = YES;
				CLANG_WARN_EMPTY_BODY = YES;
				CLANG_WARN_ENUM_CONVERSION = YES;
				CLANG_WARN_INFINITE_RECURSION = YES;
				CLANG_WARN_INT_CONVERSION = YES;
				CLANG_WARN_NON_LITERAL_NULL_CONVERSION = YES;
				CLANG_WARN_OBJC_IMPLICIT_RETAIN_SELF = YES;
				CLANG_WARN_OBJC_LITERAL_CONVERSION = YES;
				CLANG_WARN_OBJC_ROOT_CLASS = YES_ERROR;
				CLANG_WARN_QUOTED_INCLUDE_IN_FRAMEWORK_HEADER = YES;
				CLANG_WARN_RANGE_LOOP_ANALYSIS = YES;
				CLANG_WARN_STRICT_PROTOTYPES = YES;
				CLANG_WARN_SUSPICIOUS_MOVE = YES;
				CLANG_WARN_UNGUARDED_AVAILABILITY = YES_AGGRESSIVE;
				CLANG_WARN_UNREACHABLE_CODE = YES;
				CLANG_WARN__DUPLICATE_METHOD_MATCH = YES;
				COPY_PHASE_STRIP = NO;
				DEBUG_INFORMATION_FORMAT = "dwarf-with-dsym";
				ENABLE_NS_ASSERTIONS = NO;
				ENABLE_STRICT_OBJC_MSGSEND = YES;
				GCC_C_LANGUAGE_STANDARD = gnu11;
				GCC_NO_COMMON_BLOCKS = YES;
				GCC_WARN_64_TO_32_BIT_CONVERSION = YES;
				GCC_WARN_ABOUT_RETURN_TYPE = YES_ERROR;
				GCC_WARN_UNDECLARED_SELECTOR = YES;
				GCC_WARN_UNINITIALIZED_AUTOS = YES_AGGRESSIVE;
				GCC_WARN_UNUSED_FUNCTION = YES;
				GCC_WARN_UNUSED_VARIABLE = YES;
				IPHONEOS_DEPLOYMENT_TARGET = 15.4;
				MTL_ENABLE_DEBUG_INFO = NO;
				MTL_FAST_MATH = YES;
				SDKROOT = iphoneos;
				SWIFT_COMPILATION_MODE = wholemodule;
				SWIFT_OPTIMIZATION_LEVEL = "-O";
				VALIDATE_PRODUCT = YES;
			};
			name = Release;
		};
		9562BFE02853620600EF86E1 /* Debug */ = {
			isa = XCBuildConfiguration;
			buildSettings = {
				ASSETCATALOG_COMPILER_APPICON_NAME = AppIcon;
				ASSETCATALOG_COMPILER_GLOBAL_ACCENT_COLOR_NAME = AccentColor;
				CODE_SIGN_STYLE = Automatic;
				CURRENT_PROJECT_VERSION = 1;
				GENERATE_INFOPLIST_FILE = YES;
				INFOPLIST_FILE = Messenger/Info.plist;
				INFOPLIST_KEY_UIApplicationSupportsIndirectInputEvents = YES;
				INFOPLIST_KEY_UILaunchStoryboardName = LaunchScreen;
				INFOPLIST_KEY_UIMainStoryboardFile = Main;
				INFOPLIST_KEY_UISupportedInterfaceOrientations = UIInterfaceOrientationPortrait;
				INFOPLIST_KEY_UISupportedInterfaceOrientations_iPad = "UIInterfaceOrientationPortrait UIInterfaceOrientationPortraitUpsideDown UIInterfaceOrientationLandscapeLeft UIInterfaceOrientationLandscapeRight";
				INFOPLIST_KEY_UISupportedInterfaceOrientations_iPhone = "UIInterfaceOrientationPortrait UIInterfaceOrientationLandscapeLeft UIInterfaceOrientationLandscapeRight";
				IPHONEOS_DEPLOYMENT_TARGET = 15.3;
				LD_RUNPATH_SEARCH_PATHS = (
					"$(inherited)",
					"@executable_path/Frameworks",
				);
				MARKETING_VERSION = 1.0;
				PRODUCT_BUNDLE_IDENTIFIER = trainint.Messenger;
				PRODUCT_NAME = "$(TARGET_NAME)";
				SWIFT_EMIT_LOC_STRINGS = YES;
				SWIFT_VERSION = 5.0;
				TARGETED_DEVICE_FAMILY = 1;
			};
			name = Debug;
		};
		9562BFE12853620600EF86E1 /* Release */ = {
			isa = XCBuildConfiguration;
			buildSettings = {
				ASSETCATALOG_COMPILER_APPICON_NAME = AppIcon;
				ASSETCATALOG_COMPILER_GLOBAL_ACCENT_COLOR_NAME = AccentColor;
				CODE_SIGN_STYLE = Automatic;
				CURRENT_PROJECT_VERSION = 1;
				GENERATE_INFOPLIST_FILE = YES;
				INFOPLIST_FILE = Messenger/Info.plist;
				INFOPLIST_KEY_UIApplicationSupportsIndirectInputEvents = YES;
				INFOPLIST_KEY_UILaunchStoryboardName = LaunchScreen;
				INFOPLIST_KEY_UIMainStoryboardFile = Main;
				INFOPLIST_KEY_UISupportedInterfaceOrientations = UIInterfaceOrientationPortrait;
				INFOPLIST_KEY_UISupportedInterfaceOrientations_iPad = "UIInterfaceOrientationPortrait UIInterfaceOrientationPortraitUpsideDown UIInterfaceOrientationLandscapeLeft UIInterfaceOrientationLandscapeRight";
				INFOPLIST_KEY_UISupportedInterfaceOrientations_iPhone = "UIInterfaceOrientationPortrait UIInterfaceOrientationLandscapeLeft UIInterfaceOrientationLandscapeRight";
				IPHONEOS_DEPLOYMENT_TARGET = 15.3;
				LD_RUNPATH_SEARCH_PATHS = (
					"$(inherited)",
					"@executable_path/Frameworks",
				);
				MARKETING_VERSION = 1.0;
				PRODUCT_BUNDLE_IDENTIFIER = trainint.Messenger;
				PRODUCT_NAME = "$(TARGET_NAME)";
				SWIFT_EMIT_LOC_STRINGS = YES;
				SWIFT_VERSION = 5.0;
				TARGETED_DEVICE_FAMILY = 1;
			};
			name = Release;
		};
/* End XCBuildConfiguration section */

/* Begin XCConfigurationList section */
		9562BFC62853620000EF86E1 /* Build configuration list for PBXProject "Messenger" */ = {
			isa = XCConfigurationList;
			buildConfigurations = (
				9562BFDD2853620600EF86E1 /* Debug */,
				9562BFDE2853620600EF86E1 /* Release */,
			);
			defaultConfigurationIsVisible = 0;
			defaultConfigurationName = Release;
		};
		9562BFDF2853620600EF86E1 /* Build configuration list for PBXNativeTarget "Messenger" */ = {
			isa = XCConfigurationList;
			buildConfigurations = (
				9562BFE02853620600EF86E1 /* Debug */,
				9562BFE12853620600EF86E1 /* Release */,
			);
			defaultConfigurationIsVisible = 0;
			defaultConfigurationName = Release;
		};
/* End XCConfigurationList section */
	};
	rootObject = 9562BFC32853620000EF86E1 /* Project object */;
}
